<?xml version="1.0" encoding="UTF-8"?>
<CodeBlocks_project_file>
	<FileVersion major="1" minor="6"/>
	<Project>
		<Option title="servidor"/>
		<Option makefile_is_custom="1"/>
		<Option compiler="gcc"/>
		<Option virtualFolders="CMake Files\;"/>
		<Build>
			<Target title="all">
				<Option working_dir="/home/utnso/Documentos/tp-2019-2c-418-status-code/Ejemplos/servidor"/>
				<Option type="4"/>
				<MakeCommands>
					<Build command="/usr/bin/make -f &quot;/home/utnso/Documentos/tp-2019-2c-418-status-code/Ejemplos/servidor/Makefile&quot;  VERBOSE=1 all"/>
					<CompileFile command="/usr/bin/make -f &quot;/home/utnso/Documentos/tp-2019-2c-418-status-code/Ejemplos/servidor/Makefile&quot;  VERBOSE=1 &quot;$file&quot;"/>
					<Clean command="/usr/bin/make -f &quot;/home/utnso/Documentos/tp-2019-2c-418-status-code/Ejemplos/servidor/Makefile&quot;  VERBOSE=1 clean"/>
					<DistClean command="/usr/bin/make -f &quot;/home/utnso/Documentos/tp-2019-2c-418-status-code/Ejemplos/servidor/Makefile&quot;  VERBOSE=1 clean"/>
				</MakeCommands>
			</Target>
			<Target title="rebuild_cache">
				<Option working_dir="/home/utnso/Documentos/tp-2019-2c-418-status-code/Ejemplos/servidor"/>
				<Option type="4"/>
				<MakeCommands>
					<Build command="/usr/bin/make -f &quot;/home/utnso/Documentos/tp-2019-2c-418-status-code/Ejemplos/servidor/Makefile&quot;  VERBOSE=1 rebuild_cache"/>
					<CompileFile command="/usr/bin/make -f &quot;/home/utnso/Documentos/tp-2019-2c-418-status-code/Ejemplos/servidor/Makefile&quot;  VERBOSE=1 &quot;$file&quot;"/>
					<Clean command="/usr/bin/make -f &quot;/home/utnso/Documentos/tp-2019-2c-418-status-code/Ejemplos/servidor/Makefile&quot;  VERBOSE=1 clean"/>
					<DistClean command="/usr/bin/make -f &quot;/home/utnso/Documentos/tp-2019-2c-418-status-code/Ejemplos/servidor/Makefile&quot;  VERBOSE=1 clean"/>
				</MakeCommands>
			</Target>
			<Target title="edit_cache">
				<Option working_dir="/home/utnso/Documentos/tp-2019-2c-418-status-code/Ejemplos/servidor"/>
				<Option type="4"/>
				<MakeCommands>
					<Build command="/usr/bin/make -f &quot;/home/utnso/Documentos/tp-2019-2c-418-status-code/Ejemplos/servidor/Makefile&quot;  VERBOSE=1 edit_cache"/>
					<CompileFile command="/usr/bin/make -f &quot;/home/utnso/Documentos/tp-2019-2c-418-status-code/Ejemplos/servidor/Makefile&quot;  VERBOSE=1 &quot;$file&quot;"/>
					<Clean command="/usr/bin/make -f &quot;/home/utnso/Documentos/tp-2019-2c-418-status-code/Ejemplos/servidor/Makefile&quot;  VERBOSE=1 clean"/>
					<DistClean command="/usr/bin/make -f &quot;/home/utnso/Documentos/tp-2019-2c-418-status-code/Ejemplos/servidor/Makefile&quot;  VERBOSE=1 clean"/>
				</MakeCommands>
			</Target>
			<Target title="servidor">
				<Option output="/home/utnso/Documentos/tp-2019-2c-418-status-code/Ejemplos/servidor/servidor" prefix_auto="0" extension_auto="0"/>
				<Option working_dir="/home/utnso/Documentos/tp-2019-2c-418-status-code/Ejemplos/servidor"/>
				<Option object_output="./"/>
				<Option type="1"/>
				<Option compiler="gcc"/>
				<Compiler>
					<Add directory="/usr/include/altaLibreria"/>
				</Compiler>
				<MakeCommands>
					<Build command="/usr/bin/make -f &quot;/home/utnso/Documentos/tp-2019-2c-418-status-code/Ejemplos/servidor/Makefile&quot;  VERBOSE=1 servidor"/>
					<CompileFile command="/usr/bin/make -f &quot;/home/utnso/Documentos/tp-2019-2c-418-status-code/Ejemplos/servidor/Makefile&quot;  VERBOSE=1 &quot;$file&quot;"/>
					<Clean command="/usr/bin/make -f &quot;/home/utnso/Documentos/tp-2019-2c-418-status-code/Ejemplos/servidor/Makefile&quot;  VERBOSE=1 clean"/>
					<DistClean command="/usr/bin/make -f &quot;/home/utnso/Documentos/tp-2019-2c-418-status-code/Ejemplos/servidor/Makefile&quot;  VERBOSE=1 clean"/>
				</MakeCommands>
			</Target>
			<Target title="servidor/fast">
				<Option output="/home/utnso/Documentos/tp-2019-2c-418-status-code/Ejemplos/servidor/servidor" prefix_auto="0" extension_auto="0"/>
				<Option working_dir="/home/utnso/Documentos/tp-2019-2c-418-status-code/Ejemplos/servidor"/>
				<Option object_output="./"/>
				<Option type="1"/>
				<Option compiler="gcc"/>
				<Compiler>
					<Add directory="/usr/include/altaLibreria"/>
				</Compiler>
				<MakeCommands>
					<Build command="/usr/bin/make -f &quot;/home/utnso/Documentos/tp-2019-2c-418-status-code/Ejemplos/servidor/Makefile&quot;  VERBOSE=1 servidor/fast"/>
					<CompileFile command="/usr/bin/make -f &quot;/home/utnso/Documentos/tp-2019-2c-418-status-code/Ejemplos/servidor/Makefile&quot;  VERBOSE=1 &quot;$file&quot;"/>
					<Clean command="/usr/bin/make -f &quot;/home/utnso/Documentos/tp-2019-2c-418-status-code/Ejemplos/servidor/Makefile&quot;  VERBOSE=1 clean"/>
					<DistClean command="/usr/bin/make -f &quot;/home/utnso/Documentos/tp-2019-2c-418-status-code/Ejemplos/servidor/Makefile&quot;  VERBOSE=1 clean"/>
				</MakeCommands>
			</Target>
		</Build>
		<Unit filename="/home/utnso/Documentos/tp-2019-2c-418-status-code/Ejemplos/servidor/servidor.c">
			<Option target="servidor"/>
		</Unit>
		<Unit filename="/home/utnso/Documentos/tp-2019-2c-418-status-code/Ejemplos/servidor/servidor.h">
			<Option target="servidor"/>
		</Unit>
		<Unit filename="/home/utnso/Documentos/tp-2019-2c-418-status-code/Ejemplos/servidor/CMakeLists.txt">
			<Option virtualFolder="CMake Files\"/>
		</Unit>
	</Project>
</CodeBlocks_project_file>
